
Microsoft Visual Studio Solution File, Format Version 12.00
# Visual Studio Version 16
VisualStudioVersion = 16.0.32106.194
MinimumVisualStudioVersion = 10.0.40219.1
Project("{FAE04EC0-301F-11D3-BF4B-00C04F79EFBC}") = "ObsBehringerVolume", "ObsBehringerVolume\ObsBehringerVolume.csproj", "{EB95B1AF-9655-4819-A4ED-96063DA1F103}"
EndProject
Global
	GlobalSection(SolutionConfigurationPlatforms) = preSolution
		Debug|Any CPU = Debug|Any CPU
		Release|Any CPU = Release|Any CPU
	EndGlobalSection
	GlobalSection(ProjectConfigurationPlatforms) = postSolution
		{EB95B1AF-9655-4819-A4ED-96063DA1F103}.Debug|Any CPU.ActiveCfg = Debug|Any CPU
		{EB95B1AF-9655-4819-A4ED-96063DA1F103}.Debug|Any CPU.Build.0 = Debug|Any CPU
		{EB95B1AF-9655-4819-A4ED-96063DA1F103}.Release|Any CPU.ActiveCfg = Release|Any CPU
		{EB95B1AF-9655-4819-A4ED-96063DA1F103}.Release|Any CPU.Build.0 = Release|Any CPU
	EndGlobalSection
	GlobalSection(SolutionProperties) = preSolution
		HideSolutionNode = FALSE
	EndGlobalSection
	GlobalSection(ExtensibilityGlobals) = postSolution
		SolutionGuid = {257EC7C6-846F-4D7E-AF68-D0E9ECED301D}
	EndGlobalSection
EndGlobal
